// !$*UTF8*$!
{
	archiveVersion = 1;
	classes = {
	};
	objectVersion = 56;
	objects = {

/* Begin PBXBuildFile section */
		C4297DE72AE2776900FB539C /* MyMapsApp.swift in Sources */ = {isa = PBXBuildFile; fileRef = C4297DE62AE2776900FB539C /* MyMapsApp.swift */; };
		C4297DE92AE2776900FB539C /* ContentView.swift in Sources */ = {isa = PBXBuildFile; fileRef = C4297DE82AE2776900FB539C /* ContentView.swift */; };
		C4297DEB2AE2776A00FB539C /* Assets.xcassets in Resources */ = {isa = PBXBuildFile; fileRef = C4297DEA2AE2776A00FB539C /* Assets.xcassets */; };
		C4297DEE2AE2776A00FB539C /* Preview Assets.xcassets in Resources */ = {isa = PBXBuildFile; fileRef = C4297DED2AE2776A00FB539C /* Preview Assets.xcassets */; };
		C4297DF82AE2784700FB539C /* HomeScreen.swift in Sources */ = {isa = PBXBuildFile; fileRef = C4297DF72AE2784700FB539C /* HomeScreen.swift */; };
		C4297DFA2AE2787100FB539C /* SideBar.swift in Sources */ = {isa = PBXBuildFile; fileRef = C4297DF92AE2787100FB539C /* SideBar.swift */; };
		C4297DFC2AE2787600FB539C /* MapScreen.swift in Sources */ = {isa = PBXBuildFile; fileRef = C4297DFB2AE2787600FB539C /* MapScreen.swift */; };
		C4297DFF2AE27B9F00FB539C /* MapView.swift in Sources */ = {isa = PBXBuildFile; fileRef = C4297DFE2AE27B9F00FB539C /* MapView.swift */; };
		C4297E022AE27D5400FB539C /* MapViewCoordinator.swift in Sources */ = {isa = PBXBuildFile; fileRef = C4297E012AE27D5400FB539C /* MapViewCoordinator.swift */; };
		C4297E062AE27EE700FB539C /* LocationManager.swift in Sources */ = {isa = PBXBuildFile; fileRef = C4297E052AE27EE700FB539C /* LocationManager.swift */; };
		C4297E082AE2810500FB539C /* SearchResultList.swift in Sources */ = {isa = PBXBuildFile; fileRef = C4297E072AE2810500FB539C /* SearchResultList.swift */; };
		C4297E0B2AE2818600FB539C /* SearchResultsViewModel.swift in Sources */ = {isa = PBXBuildFile; fileRef = C4297E0A2AE2818600FB539C /* SearchResultsViewModel.swift */; };
		C4297E0E2AE2831000FB539C /* PlaceAnnotation.swift in Sources */ = {isa = PBXBuildFile; fileRef = C4297E0D2AE2831000FB539C /* PlaceAnnotation.swift */; };
		C4297E112AE284FB00FB539C /* AppState.swift in Sources */ = {isa = PBXBuildFile; fileRef = C4297E102AE284FB00FB539C /* AppState.swift */; };
		C4297E132AE290F000FB539C /* PlaceCalloutView.swift in Sources */ = {isa = PBXBuildFile; fileRef = C4297E122AE290F000FB539C /* PlaceCalloutView.swift */; };
		C4297E152AE29AE900FB539C /* RoutePopOver.swift in Sources */ = {isa = PBXBuildFile; fileRef = C4297E142AE29AE900FB539C /* RoutePopOver.swift */; };
		C4297E172AE29D4A00FB539C /* RouteCallOutView.swift in Sources */ = {isa = PBXBuildFile; fileRef = C4297E162AE29D4A00FB539C /* RouteCallOutView.swift */; };
		C4297E192AE29FC500FB539C /* RouteContentViewController.swift in Sources */ = {isa = PBXBuildFile; fileRef = C4297E182AE29FC500FB539C /* RouteContentViewController.swift */; };
		C4297E1B2AE33A1C00FB539C /* PreferencesScreen.swift in Sources */ = {isa = PBXBuildFile; fileRef = C4297E1A2AE33A1C00FB539C /* PreferencesScreen.swift */; };
		C4297E1E2AE33B6200FB539C /* DistanceUnit.swift in Sources */ = {isa = PBXBuildFile; fileRef = C4297E1D2AE33B6200FB539C /* DistanceUnit.swift */; };
		C4297E212AE33D2600FB539C /* DistanceFormatter.swift in Sources */ = {isa = PBXBuildFile; fileRef = C4297E202AE33D2600FB539C /* DistanceFormatter.swift */; };
/* End PBXBuildFile section */

/* Begin PBXFileReference section */
		C4297DE32AE2776900FB539C /* MyMaps.app */ = {isa = PBXFileReference; explicitFileType = wrapper.application; includeInIndex = 0; path = MyMaps.app; sourceTree = BUILT_PRODUCTS_DIR; };
		C4297DE62AE2776900FB539C /* MyMapsApp.swift */ = {isa = PBXFileReference; lastKnownFileType = sourcecode.swift; path = MyMapsApp.swift; sourceTree = "<group>"; };
		C4297DE82AE2776900FB539C /* ContentView.swift */ = {isa = PBXFileReference; lastKnownFileType = sourcecode.swift; path = ContentView.swift; sourceTree = "<group>"; };
		C4297DEA2AE2776A00FB539C /* Assets.xcassets */ = {isa = PBXFileReference; lastKnownFileType = folder.assetcatalog; path = Assets.xcassets; sourceTree = "<group>"; };
		C4297DED2AE2776A00FB539C /* Preview Assets.xcassets */ = {isa = PBXFileReference; lastKnownFileType = folder.assetcatalog; path = "Preview Assets.xcassets"; sourceTree = "<group>"; };
		C4297DEF2AE2776A00FB539C /* MyMaps.entitlements */ = {isa = PBXFileReference; lastKnownFileType = text.plist.entitlements; path = MyMaps.entitlements; sourceTree = "<group>"; };
		C4297DF52AE2782C00FB539C /* README.md */ = {isa = PBXFileReference; lastKnownFileType = net.daringfireball.markdown; path = README.md; sourceTree = "<group>"; };
		C4297DF72AE2784700FB539C /* HomeScreen.swift */ = {isa = PBXFileReference; lastKnownFileType = sourcecode.swift; path = HomeScreen.swift; sourceTree = "<group>"; };
		C4297DF92AE2787100FB539C /* SideBar.swift */ = {isa = PBXFileReference; lastKnownFileType = sourcecode.swift; path = SideBar.swift; sourceTree = "<group>"; };
		C4297DFB2AE2787600FB539C /* MapScreen.swift */ = {isa = PBXFileReference; lastKnownFileType = sourcecode.swift; path = MapScreen.swift; sourceTree = "<group>"; };
		C4297DFE2AE27B9F00FB539C /* MapView.swift */ = {isa = PBXFileReference; lastKnownFileType = sourcecode.swift; path = MapView.swift; sourceTree = "<group>"; };
		C4297E002AE27CAC00FB539C /* capabilities.png */ = {isa = PBXFileReference; lastKnownFileType = image.png; path = capabilities.png; sourceTree = "<group>"; };
		C4297E012AE27D5400FB539C /* MapViewCoordinator.swift */ = {isa = PBXFileReference; lastKnownFileType = sourcecode.swift; path = MapViewCoordinator.swift; sourceTree = "<group>"; };
		C4297E052AE27EE700FB539C /* LocationManager.swift */ = {isa = PBXFileReference; lastKnownFileType = sourcecode.swift; path = LocationManager.swift; sourceTree = "<group>"; };
		C4297E072AE2810500FB539C /* SearchResultList.swift */ = {isa = PBXFileReference; lastKnownFileType = sourcecode.swift; path = SearchResultList.swift; sourceTree = "<group>"; };
		C4297E0A2AE2818600FB539C /* SearchResultsViewModel.swift */ = {isa = PBXFileReference; lastKnownFileType = sourcecode.swift; path = SearchResultsViewModel.swift; sourceTree = "<group>"; };
		C4297E0D2AE2831000FB539C /* PlaceAnnotation.swift */ = {isa = PBXFileReference; lastKnownFileType = sourcecode.swift; path = PlaceAnnotation.swift; sourceTree = "<group>"; };
		C4297E102AE284FB00FB539C /* AppState.swift */ = {isa = PBXFileReference; lastKnownFileType = sourcecode.swift; path = AppState.swift; sourceTree = "<group>"; };
		C4297E122AE290F000FB539C /* PlaceCalloutView.swift */ = {isa = PBXFileReference; lastKnownFileType = sourcecode.swift; path = PlaceCalloutView.swift; sourceTree = "<group>"; };
		C4297E142AE29AE900FB539C /* RoutePopOver.swift */ = {isa = PBXFileReference; lastKnownFileType = sourcecode.swift; path = RoutePopOver.swift; sourceTree = "<group>"; };
		C4297E162AE29D4A00FB539C /* RouteCallOutView.swift */ = {isa = PBXFileReference; lastKnownFileType = sourcecode.swift; path = RouteCallOutView.swift; sourceTree = "<group>"; };
		C4297E182AE29FC500FB539C /* RouteContentViewController.swift */ = {isa = PBXFileReference; lastKnownFileType = sourcecode.swift; path = RouteContentViewController.swift; sourceTree = "<group>"; };
		C4297E1A2AE33A1C00FB539C /* PreferencesScreen.swift */ = {isa = PBXFileReference; lastKnownFileType = sourcecode.swift; path = PreferencesScreen.swift; sourceTree = "<group>"; };
		C4297E1D2AE33B6200FB539C /* DistanceUnit.swift */ = {isa = PBXFileReference; lastKnownFileType = sourcecode.swift; path = DistanceUnit.swift; sourceTree = "<group>"; };
		C4297E202AE33D2600FB539C /* DistanceFormatter.swift */ = {isa = PBXFileReference; lastKnownFileType = sourcecode.swift; path = DistanceFormatter.swift; sourceTree = "<group>"; };
/* End PBXFileReference section */

/* Begin PBXFrameworksBuildPhase section */
		C4297DE02AE2776900FB539C /* Frameworks */ = {
			isa = PBXFrameworksBuildPhase;
			buildActionMask = 2147483647;
			files = (
			);
			runOnlyForDeploymentPostprocessing = 0;
		};
/* End PBXFrameworksBuildPhase section */

/* Begin PBXGroup section */
		C4297DDA2AE2776900FB539C = {
			isa = PBXGroup;
			children = (
				C4297DF52AE2782C00FB539C /* README.md */,
				C4297E002AE27CAC00FB539C /* capabilities.png */,
				C4297DE52AE2776900FB539C /* MyMaps */,
				C4297DE42AE2776900FB539C /* Products */,
			);
			sourceTree = "<group>";
		};
		C4297DE42AE2776900FB539C /* Products */ = {
			isa = PBXGroup;
			children = (
				C4297DE32AE2776900FB539C /* MyMaps.app */,
			);
			name = Products;
			sourceTree = "<group>";
		};
		C4297DE52AE2776900FB539C /* MyMaps */ = {
			isa = PBXGroup;
			children = (
				C4297E1F2AE33D1100FB539C /* formatters */,
				C4297E1C2AE33B5900FB539C /* models */,
				C4297E0F2AE284F200FB539C /* global */,
				C4297E0C2AE2830400FB539C /* annotations */,
				C4297E092AE2817500FB539C /* viewmodels */,
				C4297E042AE27EDD00FB539C /* managers */,
				C4297DFD2AE27B9500FB539C /* views */,
				C4297DF62AE2783D00FB539C /* screens */,
				C4297DE62AE2776900FB539C /* MyMapsApp.swift */,
				C4297DE82AE2776900FB539C /* ContentView.swift */,
				C4297DEA2AE2776A00FB539C /* Assets.xcassets */,
				C4297DEF2AE2776A00FB539C /* MyMaps.entitlements */,
				C4297DEC2AE2776A00FB539C /* Preview Content */,
			);
			path = MyMaps;
			sourceTree = "<group>";
		};
		C4297DEC2AE2776A00FB539C /* Preview Content */ = {
			isa = PBXGroup;
			children = (
				C4297DED2AE2776A00FB539C /* Preview Assets.xcassets */,
			);
			path = "Preview Content";
			sourceTree = "<group>";
		};
		C4297DF62AE2783D00FB539C /* screens */ = {
			isa = PBXGroup;
			children = (
				C4297DF72AE2784700FB539C /* HomeScreen.swift */,
				C4297DF92AE2787100FB539C /* SideBar.swift */,
				C4297DFB2AE2787600FB539C /* MapScreen.swift */,
				C4297E1A2AE33A1C00FB539C /* PreferencesScreen.swift */,
			);
			path = screens;
			sourceTree = "<group>";
		};
		C4297DFD2AE27B9500FB539C /* views */ = {
			isa = PBXGroup;
			children = (
				C4297E032AE27D5C00FB539C /* map-view */,
				C4297E072AE2810500FB539C /* SearchResultList.swift */,
			);
			path = views;
			sourceTree = "<group>";
		};
		C4297E032AE27D5C00FB539C /* map-view */ = {
			isa = PBXGroup;
			children = (
				C4297DFE2AE27B9F00FB539C /* MapView.swift */,
				C4297E012AE27D5400FB539C /* MapViewCoordinator.swift */,
				C4297E122AE290F000FB539C /* PlaceCalloutView.swift */,
				C4297E182AE29FC500FB539C /* RouteContentViewController.swift */,
				C4297E142AE29AE900FB539C /* RoutePopOver.swift */,
				C4297E162AE29D4A00FB539C /* RouteCallOutView.swift */,
			);
			path = "map-view";
			sourceTree = "<group>";
		};
		C4297E042AE27EDD00FB539C /* managers */ = {
			isa = PBXGroup;
			children = (
				C4297E052AE27EE700FB539C /* LocationManager.swift */,
			);
			path = managers;
			sourceTree = "<group>";
		};
		C4297E092AE2817500FB539C /* viewmodels */ = {
			isa = PBXGroup;
			children = (
				C4297E0A2AE2818600FB539C /* SearchResultsViewModel.swift */,
			);
			path = viewmodels;
			sourceTree = "<group>";
		};
		C4297E0C2AE2830400FB539C /* annotations */ = {
			isa = PBXGroup;
			children = (
				C4297E0D2AE2831000FB539C /* PlaceAnnotation.swift */,
			);
			path = annotations;
			sourceTree = "<group>";
		};
		C4297E0F2AE284F200FB539C /* global */ = {
			isa = PBXGroup;
			children = (
				C4297E102AE284FB00FB539C /* AppState.swift */,
			);
			path = global;
			sourceTree = "<group>";
		};
		C4297E1C2AE33B5900FB539C /* models */ = {
			isa = PBXGroup;
			children = (
				C4297E1D2AE33B6200FB539C /* DistanceUnit.swift */,
			);
			path = models;
			sourceTree = "<group>";
		};
		C4297E1F2AE33D1100FB539C /* formatters */ = {
			isa = PBXGroup;
			children = (
				C4297E202AE33D2600FB539C /* DistanceFormatter.swift */,
			);
			path = formatters;
			sourceTree = "<group>";
		};
/* End PBXGroup section */

/* Begin PBXNativeTarget section */
		C4297DE22AE2776900FB539C /* MyMaps */ = {
			isa = PBXNativeTarget;
			buildConfigurationList = C4297DF22AE2776A00FB539C /* Build configuration list for PBXNativeTarget "MyMaps" */;
			buildPhases = (
				C4297DDF2AE2776900FB539C /* Sources */,
				C4297DE02AE2776900FB539C /* Frameworks */,
				C4297DE12AE2776900FB539C /* Resources */,
			);
			buildRules = (
			);
			dependencies = (
			);
			name = MyMaps;
			productName = MyMaps;
			productReference = C4297DE32AE2776900FB539C /* MyMaps.app */;
			productType = "com.apple.product-type.application";
		};
/* End PBXNativeTarget section */

/* Begin PBXProject section */
		C4297DDB2AE2776900FB539C /* Project object */ = {
			isa = PBXProject;
			attributes = {
				BuildIndependentTargetsInParallel = 1;
				LastSwiftUpdateCheck = 1500;
				LastUpgradeCheck = 1500;
				TargetAttributes = {
					C4297DE22AE2776900FB539C = {
						CreatedOnToolsVersion = 15.0;
					};
				};
			};
			buildConfigurationList = C4297DDE2AE2776900FB539C /* Build configuration list for PBXProject "MyMaps" */;
			compatibilityVersion = "Xcode 14.0";
			developmentRegion = en;
			hasScannedForEncodings = 0;
			knownRegions = (
				en,
				Base,
			);
			mainGroup = C4297DDA2AE2776900FB539C;
			productRefGroup = C4297DE42AE2776900FB539C /* Products */;
			projectDirPath = "";
			projectRoot = "";
			targets = (
				C4297DE22AE2776900FB539C /* MyMaps */,
			);
		};
/* End PBXProject section */

/* Begin PBXResourcesBuildPhase section */
		C4297DE12AE2776900FB539C /* Resources */ = {
			isa = PBXResourcesBuildPhase;
			buildActionMask = 2147483647;
			files = (
				C4297DEE2AE2776A00FB539C /* Preview Assets.xcassets in Resources */,
				C4297DEB2AE2776A00FB539C /* Assets.xcassets in Resources */,
			);
			runOnlyForDeploymentPostprocessing = 0;
		};
/* End PBXResourcesBuildPhase section */

/* Begin PBXSourcesBuildPhase section */
		C4297DDF2AE2776900FB539C /* Sources */ = {
			isa = PBXSourcesBuildPhase;
			buildActionMask = 2147483647;
			files = (
				C4297E172AE29D4A00FB539C /* RouteCallOutView.swift in Sources */,
				C4297DE92AE2776900FB539C /* ContentView.swift in Sources */,
				C4297E1E2AE33B6200FB539C /* DistanceUnit.swift in Sources */,
				C4297E082AE2810500FB539C /* SearchResultList.swift in Sources */,
				C4297E132AE290F000FB539C /* PlaceCalloutView.swift in Sources */,
				C4297E192AE29FC500FB539C /* RouteContentViewController.swift in Sources */,
				C4297E0E2AE2831000FB539C /* PlaceAnnotation.swift in Sources */,
				C4297E112AE284FB00FB539C /* AppState.swift in Sources */,
				C4297DFF2AE27B9F00FB539C /* MapView.swift in Sources */,
				C4297E1B2AE33A1C00FB539C /* PreferencesScreen.swift in Sources */,
				C4297E022AE27D5400FB539C /* MapViewCoordinator.swift in Sources */,
				C4297DE72AE2776900FB539C /* MyMapsApp.swift in Sources */,
				C4297E062AE27EE700FB539C /* LocationManager.swift in Sources */,
				C4297E152AE29AE900FB539C /* RoutePopOver.swift in Sources */,
				C4297E212AE33D2600FB539C /* DistanceFormatter.swift in Sources */,
				C4297DFA2AE2787100FB539C /* SideBar.swift in Sources */,
				C4297DF82AE2784700FB539C /* HomeScreen.swift in Sources */,
				C4297DFC2AE2787600FB539C /* MapScreen.swift in Sources */,
				C4297E0B2AE2818600FB539C /* SearchResultsViewModel.swift in Sources */,
			);
			runOnlyForDeploymentPostprocessing = 0;
		};
/* End PBXSourcesBuildPhase section */

/* Begin XCBuildConfiguration section */
		C4297DF02AE2776A00FB539C /* Debug */ = {
			isa = XCBuildConfiguration;
			buildSettings = {
				ALWAYS_SEARCH_USER_PATHS = NO;
				ASSETCATALOG_COMPILER_GENERATE_SWIFT_ASSET_SYMBOL_EXTENSIONS = YES;
				CLANG_ANALYZER_NONNULL = YES;
				CLANG_ANALYZER_NUMBER_OBJECT_CONVERSION = YES_AGGRESSIVE;
				CLANG_CXX_LANGUAGE_STANDARD = "gnu++20";
				CLANG_ENABLE_MODULES = YES;
				CLANG_ENABLE_OBJC_ARC = YES;
				CLANG_ENABLE_OBJC_WEAK = YES;
				CLANG_WARN_BLOCK_CAPTURE_AUTORELEASING = YES;
				CLANG_WARN_BOOL_CONVERSION = YES;
				CLANG_WARN_COMMA = YES;
				CLANG_WARN_CONSTANT_CONVERSION = YES;
				CLANG_WARN_DEPRECATED_OBJC_IMPLEMENTATIONS = YES;
				CLANG_WARN_DIRECT_OBJC_ISA_USAGE = YES_ERROR;
				CLANG_WARN_DOCUMENTATION_COMMENTS = YES;
				CLANG_WARN_EMPTY_BODY = YES;
				CLANG_WARN_ENUM_CONVERSION = YES;
				CLANG_WARN_INFINITE_RECURSION = YES;
				CLANG_WARN_INT_CONVERSION = YES;
				CLANG_WARN_NON_LITERAL_NULL_CONVERSION = YES;
				CLANG_WARN_OBJC_IMPLICIT_RETAIN_SELF = YES;
				CLANG_WARN_OBJC_LITERAL_CONVERSION = YES;
				CLANG_WARN_OBJC_ROOT_CLASS = YES_ERROR;
				CLANG_WARN_QUOTED_INCLUDE_IN_FRAMEWORK_HEADER = YES;
				CLANG_WARN_RANGE_LOOP_ANALYSIS = YES;
				CLANG_WARN_STRICT_PROTOTYPES = YES;
				CLANG_WARN_SUSPICIOUS_MOVE = YES;
				CLANG_WARN_UNGUARDED_AVAILABILITY = YES_AGGRESSIVE;
				CLANG_WARN_UNREACHABLE_CODE = YES;
				CLANG_WARN__DUPLICATE_METHOD_MATCH = YES;
				COPY_PHASE_STRIP = NO;
				DEBUG_INFORMATION_FORMAT = dwarf;
				ENABLE_STRICT_OBJC_MSGSEND = YES;
				ENABLE_TESTABILITY = YES;
				ENABLE_USER_SCRIPT_SANDBOXING = YES;
				GCC_C_LANGUAGE_STANDARD = gnu17;
				GCC_DYNAMIC_NO_PIC = NO;
				GCC_NO_COMMON_BLOCKS = YES;
				GCC_OPTIMIZATION_LEVEL = 0;
				GCC_PREPROCESSOR_DEFINITIONS = (
					"DEBUG=1",
					"$(inherited)",
				);
				GCC_WARN_64_TO_32_BIT_CONVERSION = YES;
				GCC_WARN_ABOUT_RETURN_TYPE = YES_ERROR;
				GCC_WARN_UNDECLARED_SELECTOR = YES;
				GCC_WARN_UNINITIALIZED_AUTOS = YES_AGGRESSIVE;
				GCC_WARN_UNUSED_FUNCTION = YES;
				GCC_WARN_UNUSED_VARIABLE = YES;
				LOCALIZATION_PREFERS_STRING_CATALOGS = YES;
				MACOSX_DEPLOYMENT_TARGET = 14.0;
				MTL_ENABLE_DEBUG_INFO = INCLUDE_SOURCE;
				MTL_FAST_MATH = YES;
				ONLY_ACTIVE_ARCH = YES;
				SDKROOT = macosx;
				SWIFT_ACTIVE_COMPILATION_CONDITIONS = "DEBUG $(inherited)";
				SWIFT_OPTIMIZATION_LEVEL = "-Onone";
			};
			name = Debug;
		};
		C4297DF12AE2776A00FB539C /* Release */ = {
			isa = XCBuildConfiguration;
			buildSettings = {
				ALWAYS_SEARCH_USER_PATHS = NO;
				ASSETCATALOG_COMPILER_GENERATE_SWIFT_ASSET_SYMBOL_EXTENSIONS = YES;
				CLANG_ANALYZER_NONNULL = YES;
				CLANG_ANALYZER_NUMBER_OBJECT_CONVERSION = YES_AGGRESSIVE;
				CLANG_CXX_LANGUAGE_STANDARD = "gnu++20";
				CLANG_ENABLE_MODULES = YES;
				CLANG_ENABLE_OBJC_ARC = YES;
				CLANG_ENABLE_OBJC_WEAK = YES;
				CLANG_WARN_BLOCK_CAPTURE_AUTORELEASING = YES;
				CLANG_WARN_BOOL_CONVERSION = YES;
				CLANG_WARN_COMMA = YES;
				CLANG_WARN_CONSTANT_CONVERSION = YES;
				CLANG_WARN_DEPRECATED_OBJC_IMPLEMENTATIONS = YES;
				CLANG_WARN_DIRECT_OBJC_ISA_USAGE = YES_ERROR;
				CLANG_WARN_DOCUMENTATION_COMMENTS = YES;
				CLANG_WARN_EMPTY_BODY = YES;
				CLANG_WARN_ENUM_CONVERSION = YES;
				CLANG_WARN_INFINITE_RECURSION = YES;
				CLANG_WARN_INT_CONVERSION = YES;
				CLANG_WARN_NON_LITERAL_NULL_CONVERSION = YES;
				CLANG_WARN_OBJC_IMPLICIT_RETAIN_SELF = YES;
				CLANG_WARN_OBJC_LITERAL_CONVERSION = YES;
				CLANG_WARN_OBJC_ROOT_CLASS = YES_ERROR;
				CLANG_WARN_QUOTED_INCLUDE_IN_FRAMEWORK_HEADER = YES;
				CLANG_WARN_RANGE_LOOP_ANALYSIS = YES;
				CLANG_WARN_STRICT_PROTOTYPES = YES;
				CLANG_WARN_SUSPICIOUS_MOVE = YES;
				CLANG_WARN_UNGUARDED_AVAILABILITY = YES_AGGRESSIVE;
				CLANG_WARN_UNREACHABLE_CODE = YES;
				CLANG_WARN__DUPLICATE_METHOD_MATCH = YES;
				COPY_PHASE_STRIP = NO;
				DEBUG_INFORMATION_FORMAT = "dwarf-with-dsym";
				ENABLE_NS_ASSERTIONS = NO;
				ENABLE_STRICT_OBJC_MSGSEND = YES;
				ENABLE_USER_SCRIPT_SANDBOXING = YES;
				GCC_C_LANGUAGE_STANDARD = gnu17;
				GCC_NO_COMMON_BLOCKS = YES;
				GCC_WARN_64_TO_32_BIT_CONVERSION = YES;
				GCC_WARN_ABOUT_RETURN_TYPE = YES_ERROR;
				GCC_WARN_UNDECLARED_SELECTOR = YES;
				GCC_WARN_UNINITIALIZED_AUTOS = YES_AGGRESSIVE;
				GCC_WARN_UNUSED_FUNCTION = YES;
				GCC_WARN_UNUSED_VARIABLE = YES;
				LOCALIZATION_PREFERS_STRING_CATALOGS = YES;
				MACOSX_DEPLOYMENT_TARGET = 14.0;
				MTL_ENABLE_DEBUG_INFO = NO;
				MTL_FAST_MATH = YES;
				SDKROOT = macosx;
				SWIFT_COMPILATION_MODE = wholemodule;
			};
			name = Release;
		};
		C4297DF32AE2776A00FB539C /* Debug */ = {
			isa = XCBuildConfiguration;
			buildSettings = {
				ASSETCATALOG_COMPILER_APPICON_NAME = AppIcon;
				ASSETCATALOG_COMPILER_GLOBAL_ACCENT_COLOR_NAME = AccentColor;
				CODE_SIGN_ENTITLEMENTS = MyMaps/MyMaps.entitlements;
				CODE_SIGN_STYLE = Automatic;
				COMBINE_HIDPI_IMAGES = YES;
				CURRENT_PROJECT_VERSION = 1;
				DEVELOPMENT_ASSET_PATHS = "\"MyMaps/Preview Content\"";
				DEVELOPMENT_TEAM = 35W7TZ9DUM;
				ENABLE_HARDENED_RUNTIME = YES;
				ENABLE_PREVIEWS = YES;
				GENERATE_INFOPLIST_FILE = YES;
				INFOPLIST_KEY_NSHumanReadableCopyright = "";
				LD_RUNPATH_SEARCH_PATHS = (
					"$(inherited)",
					"@executable_path/../Frameworks",
				);
				MARKETING_VERSION = 1.0;
				PRODUCT_BUNDLE_IDENTIFIER = com.paigesoftware.MyMaps;
				PRODUCT_NAME = "$(TARGET_NAME)";
				SWIFT_EMIT_LOC_STRINGS = YES;
				SWIFT_VERSION = 5.0;
			};
			name = Debug;
		};
		C4297DF42AE2776A00FB539C /* Release */ = {
			isa = XCBuildConfiguration;
			buildSettings = {
				ASSETCATALOG_COMPILER_APPICON_NAME = AppIcon;
				ASSETCATALOG_COMPILER_GLOBAL_ACCENT_COLOR_NAME = AccentColor;
				CODE_SIGN_ENTITLEMENTS = MyMaps/MyMaps.entitlements;
				CODE_SIGN_STYLE = Automatic;
				COMBINE_HIDPI_IMAGES = YES;
				CURRENT_PROJECT_VERSION = 1;
				DEVELOPMENT_ASSET_PATHS = "\"MyMaps/Preview Content\"";
				DEVELOPMENT_TEAM = 35W7TZ9DUM;
				ENABLE_HARDENED_RUNTIME = YES;
				ENABLE_PREVIEWS = YES;
				GENERATE_INFOPLIST_FILE = YES;
				INFOPLIST_KEY_NSHumanReadableCopyright = "";
				LD_RUNPATH_SEARCH_PATHS = (
					"$(inherited)",
					"@executable_path/../Frameworks",
				);
				MARKETING_VERSION = 1.0;
				PRODUCT_BUNDLE_IDENTIFIER = com.paigesoftware.MyMaps;
				PRODUCT_NAME = "$(TARGET_NAME)";
				SWIFT_EMIT_LOC_STRINGS = YES;
				SWIFT_VERSION = 5.0;
			};
			name = Release;
		};
/* End XCBuildConfiguration section */

/* Begin XCConfigurationList section */
		C4297DDE2AE2776900FB539C /* Build configuration list for PBXProject "MyMaps" */ = {
			isa = XCConfigurationList;
			buildConfigurations = (
				C4297DF02AE2776A00FB539C /* Debug */,
				C4297DF12AE2776A00FB539C /* Release */,
			);
			defaultConfigurationIsVisible = 0;
			defaultConfigurationName = Release;
		};
		C4297DF22AE2776A00FB539C /* Build configuration list for PBXNativeTarget "MyMaps" */ = {
			isa = XCConfigurationList;
			buildConfigurations = (
				C4297DF32AE2776A00FB539C /* Debug */,
				C4297DF42AE2776A00FB539C /* Release */,
			);
			defaultConfigurationIsVisible = 0;
			defaultConfigurationName = Release;
		};
/* End XCConfigurationList section */
	};
	rootObject = C4297DDB2AE2776900FB539C /* Project object */;
}
